
Microsoft Visual Studio Solution File, Format Version 12.00
# Visual Studio Version 16
VisualStudioVersion = 16.0.29215.179
MinimumVisualStudioVersion = 10.0.40219.1
Project("{FAE04EC0-301F-11D3-BF4B-00C04F79EFBC}") = "Práctica 7", "Práctica 7.csproj", "{D52360A7-7949-4D8D-9C31-F05B19F531F2}"
EndProject
Global
	GlobalSection(SolutionConfigurationPlatforms) = preSolution
		Debug|Any CPU = Debug|Any CPU
		Release|Any CPU = Release|Any CPU
	EndGlobalSection
	GlobalSection(ProjectConfigurationPlatforms) = postSolution
		{D52360A7-7949-4D8D-9C31-F05B19F531F2}.Debug|Any CPU.ActiveCfg = Debug|Any CPU
		{D52360A7-7949-4D8D-9C31-F05B19F531F2}.Debug|Any CPU.Build.0 = Debug|Any CPU
		{D52360A7-7949-4D8D-9C31-F05B19F531F2}.Release|Any CPU.ActiveCfg = Release|Any CPU
		{D52360A7-7949-4D8D-9C31-F05B19F531F2}.Release|Any CPU.Build.0 = Release|Any CPU
	EndGlobalSection
	GlobalSection(SolutionProperties) = preSolution
		HideSolutionNode = FALSE
	EndGlobalSection
	GlobalSection(ExtensibilityGlobals) = postSolution
		SolutionGuid = {3C4ADE11-9593-4A80-8FCF-67D04C97BCA4}
	EndGlobalSection
EndGlobal
